{
    "name": "@cjr/game-ngu-hanh",
    "version": "1.0.0",
    "lockfileVersion": 3,
    "requires": true,
    "packages": {
        "": {
            "name": "@cjr/game-ngu-hanh",
            "version": "1.0.0",
            "dependencies": {
                "@cjr/engine": "file:../../engine"
            }
        },
        "node_modules/@cjr/engine": {
            "version": "1.0.0",
            "resolved": "file:../../engine"
        }
    }
}
